
Microsoft Visual Studio Solution File, Format Version 12.00
# Visual Studio Version 16
VisualStudioVersion = 16.0.30309.148
MinimumVisualStudioVersion = 10.0.40219.1
Project("{FAE04EC0-301F-11D3-BF4B-00C04F79EFBC}") = "IoTHubEnrollmentPrototype", "IoTHubEnrollmentPrototype\IoTHubEnrollmentPrototype.csproj", "{BB2FAA54-9E48-4AEA-B116-420EDF50959B}"
EndProject
Global
	GlobalSection(SolutionConfigurationPlatforms) = preSolution
		Debug|Any CPU = Debug|Any CPU
		Release|Any CPU = Release|Any CPU
	EndGlobalSection
	GlobalSection(ProjectConfigurationPlatforms) = postSolution
		{BB2FAA54-9E48-4AEA-B116-420EDF50959B}.Debug|Any CPU.ActiveCfg = Debug|Any CPU
		{BB2FAA54-9E48-4AEA-B116-420EDF50959B}.Debug|Any CPU.Build.0 = Debug|Any CPU
		{BB2FAA54-9E48-4AEA-B116-420EDF50959B}.Release|Any CPU.ActiveCfg = Release|Any CPU
		{BB2FAA54-9E48-4AEA-B116-420EDF50959B}.Release|Any CPU.Build.0 = Release|Any CPU
	EndGlobalSection
	GlobalSection(SolutionProperties) = preSolution
		HideSolutionNode = FALSE
	EndGlobalSection
	GlobalSection(ExtensibilityGlobals) = postSolution
		SolutionGuid = {84EE3A75-7BC1-4C08-BE24-BA229097C240}
	EndGlobalSection
EndGlobal
